
Microsoft Visual Studio Solution File, Format Version 12.00
# Visual Studio Version 16
VisualStudioVersion = 16.0.29609.76
MinimumVisualStudioVersion = 10.0.40219.1
Project("{9A19103F-16F7-4668-BE54-9A1E7A4F7556}") = "Viewer ASP.NET Core", "Viewer ASP.NET Core\Viewer ASP.NET Core.csproj", "{81C4891E-B255-47F1-8E4A-494CF8F1D838}"
EndProject
Project("{FAE04EC0-301F-11D3-BF4B-00C04F79EFBC}") = "DataAccessLayer", "DataAccessLayer\DataAccessLayer.csproj", "{C4460130-A0A4-40F8-AC6C-E9F972DE5027}"
EndProject
Project("{9A19103F-16F7-4668-BE54-9A1E7A4F7556}") = "AppWithScheduler", "AppWithScheduler\AppWithScheduler.csproj", "{36E2F102-EBAE-460C-BF2F-8A11AC077414}"
EndProject
Global
	GlobalSection(SolutionConfigurationPlatforms) = preSolution
		Debug|Any CPU = Debug|Any CPU
		Release|Any CPU = Release|Any CPU
	EndGlobalSection
	GlobalSection(ProjectConfigurationPlatforms) = postSolution
		{81C4891E-B255-47F1-8E4A-494CF8F1D838}.Debug|Any CPU.ActiveCfg = Debug|Any CPU
		{81C4891E-B255-47F1-8E4A-494CF8F1D838}.Debug|Any CPU.Build.0 = Debug|Any CPU
		{81C4891E-B255-47F1-8E4A-494CF8F1D838}.Release|Any CPU.ActiveCfg = Release|Any CPU
		{81C4891E-B255-47F1-8E4A-494CF8F1D838}.Release|Any CPU.Build.0 = Release|Any CPU
		{C4460130-A0A4-40F8-AC6C-E9F972DE5027}.Debug|Any CPU.ActiveCfg = Debug|Any CPU
		{C4460130-A0A4-40F8-AC6C-E9F972DE5027}.Debug|Any CPU.Build.0 = Debug|Any CPU
		{C4460130-A0A4-40F8-AC6C-E9F972DE5027}.Release|Any CPU.ActiveCfg = Release|Any CPU
		{C4460130-A0A4-40F8-AC6C-E9F972DE5027}.Release|Any CPU.Build.0 = Release|Any CPU
		{36E2F102-EBAE-460C-BF2F-8A11AC077414}.Debug|Any CPU.ActiveCfg = Debug|Any CPU
		{36E2F102-EBAE-460C-BF2F-8A11AC077414}.Debug|Any CPU.Build.0 = Debug|Any CPU
		{36E2F102-EBAE-460C-BF2F-8A11AC077414}.Release|Any CPU.ActiveCfg = Release|Any CPU
		{36E2F102-EBAE-460C-BF2F-8A11AC077414}.Release|Any CPU.Build.0 = Release|Any CPU
	EndGlobalSection
	GlobalSection(SolutionProperties) = preSolution
		HideSolutionNode = FALSE
	EndGlobalSection
	GlobalSection(ExtensibilityGlobals) = postSolution
		SolutionGuid = {0B2653EB-1031-4E72-83B8-ED58FB61B43A}
	EndGlobalSection
EndGlobal
